{
  "meteor": {},
  "dependencies": {
    "basePackages": {
      "bootstrap-less-3": {
        "git": "https://github.com/pfafman/meteor-bootstrap-less.git",
        "branch": "master"
      },
      "spin": {},
      "paginated-subscription": {},
      "iron-router": {},
      "moment": {},
      "coffee-alerts": {},
      "collection2": {},
      "fastclick": {},
      "ionicons": {},
      "font-awesome": {},
      "iron-router-progress": {},
      "bootstrap-3-switch-less": {
        "git": "https://github.com/pfafman/meteor-bootstrap-3-switch-less.git",
        "branch": "master"
      },
      "photo-uploader": {
        "git": "https://github.com/pfafman/meteor-photo-uploader.git",
        "branch": "master"
      },
      "owl-carousel": {
        "git": "https://github.com/pfafman/meteor-owl-carousel.git",
        "branch": "master"
      },
      "accounts-entry": {
        "git": "https://github.com/pfafman/meteor-accounts-entry.git",
        "branch": "master"
      }
    },
    "packages": {
      "bootstrap-less-3": {
        "git": "https://github.com/pfafman/meteor-bootstrap-less.git",
        "branch": "master",
        "commit": "669752f8be8d834cbe9b842c0eebd3b62c26d295"
      },
      "spin": {
        "git": "https://github.com/SachaG/meteor-spin.git",
        "tag": "v0.2.2",
        "commit": "3f655f0016228e4195acc784c45d3e3a247dc39f"
      },
      "paginated-subscription": {
        "git": "https://github.com/tmeasday/meteor-paginated-subscription.git",
        "tag": "v0.1.2",
        "commit": "35e0c6112df2b4cfeb60b559276a93cac5ee2dd6"
      },
      "iron-router": {
        "git": "https://github.com/EventedMind/iron-router.git",
        "tag": "v0.6.4",
        "commit": "927bbaed1b87894fb6fb70807f74ff3a5bd89f29"
      },
      "moment": {
        "git": "https://github.com/acreeger/meteor-moment.git",
        "tag": "v2.5.1",
        "commit": "8c9bc5d3fc96705057737cb9743d555417f6e551"
      },
      "coffee-alerts": {
        "git": "https://github.com/pfafman/meteor-coffee-alerts.git",
        "tag": "v0.1.1",
        "commit": "20297df872419e42284cdfcbd6ca070c03d60077"
      },
      "collection2": {
        "git": "https://github.com/aldeed/meteor-collection2.git",
        "tag": "v0.3.8",
        "commit": "69aff2a21ba3c382f915e1f9dbcca2ad38edb6d5"
      },
      "fastclick": {
        "git": "https://github.com/percolatestudio/meteor-fastclick",
        "tag": "v0.6.7",
        "commit": "fcb3bfd34d9f6874e626b4e24e8f54107938db41"
      },
      "ionicons": {
        "git": "https://github.com/Pagebakers/meteor-ionicons.git",
        "tag": "v1.3.3",
        "commit": "782f9b99b098bfd1f82f36f9142e70cbbcc7e7e3"
      },
      "font-awesome": {
        "git": "https://github.com/nate-strauser/meteor-font-awesome.git",
        "tag": "v4.0.3",
        "commit": "61e9361384347547ae144f8228faa4deffda23db"
      },
      "iron-router-progress": {
        "git": "https://github.com/Multiply/iron-router-progress.git",
        "tag": "v0.2.0",
        "commit": "ce730d1d26feadb7c75ea25f22c5bfdb0c549a8b"
      },
      "bootstrap-3-switch-less": {
        "git": "https://github.com/pfafman/meteor-bootstrap-3-switch-less.git",
        "branch": "master",
        "commit": "86dad236e495b37e1b80c2df98e7da1e3e004ba2"
      },
      "photo-uploader": {
        "git": "https://github.com/pfafman/meteor-photo-uploader.git",
        "branch": "master",
        "commit": "c5015ea038ff718357196406224b20e8098f6ae3"
      },
      "owl-carousel": {
        "git": "https://github.com/pfafman/meteor-owl-carousel.git",
        "branch": "master",
        "commit": "3f24d79c4b1bed29a9b0094829e0335ae1ee897e"
      },
      "accounts-entry": {
        "git": "https://github.com/pfafman/meteor-accounts-entry.git",
        "branch": "master",
        "commit": "7ad1ce8da799ddd769a088048864d21125a5eadf"
      },
      "simple-schema": {
        "git": "https://github.com/aldeed/meteor-simple-schema.git",
        "tag": "v0.2.39",
        "commit": "02afc77cba60ce5829e453567ebac76e4b69bc81"
      },
      "just-i18n": {
        "git": "https://github.com/subhog/meteor-just-i18n.git",
        "tag": "v0.1.1",
        "commit": "ce88ac66c0dc107dc2da93ce152616115838101f"
      },
      "accounts-t9n": {
        "git": "https://github.com/softwarerero/meteor-accounts-t9n.git",
        "tag": "v0.0.2",
        "commit": "408e3a037114cb72163073110e2121e3d548c1a2"
      }
    }
  }
}
