{
  "meteor": {},
  "dependencies": {
    "basePackages": {
      "spin": {},
      "paginated-subscription": {},
      "iron-router": {},
      "moment": {},
      "coffee-alerts": {},
      "collection2": {},
      "fastclick": {},
      "ionicons": {},
      "font-awesome": {},
      "iron-router-progress": {},
      "bootstrap-3-switch-less": {
        "git": "https://github.com/pfafman/meteor-bootstrap-3-switch-less.git",
        "branch": "master"
      },
      "photo-uploader": {
        "git": "https://github.com/pfafman/meteor-photo-uploader.git",
        "branch": "master"
      },
      "owl-carousel": {
        "git": "https://github.com/pfafman/meteor-owl-carousel.git",
        "branch": "master"
      },
      "accounts-entry": {
        "git": "https://github.com/pfafman/meteor-accounts-entry.git",
        "branch": "master"
      },
      "bootstrap3-less": {}
    },
    "packages": {
      "spin": {
        "git": "https://github.com/SachaG/meteor-spin.git",
        "tag": "v0.2.2",
        "commit": "3f655f0016228e4195acc784c45d3e3a247dc39f"
      },
      "paginated-subscription": {
        "git": "https://github.com/tmeasday/meteor-paginated-subscription.git",
        "tag": "v0.1.2",
        "commit": "35e0c6112df2b4cfeb60b559276a93cac5ee2dd6"
      },
      "iron-router": {
        "git": "https://github.com/EventedMind/iron-router.git",
        "tag": "v0.7.1",
        "commit": "d1ffb3f06ea4c112132b030f2eb1a70b81675ecb"
      },
      "moment": {
        "git": "https://github.com/acreeger/meteor-moment.git",
        "tag": "v2.5.1",
        "commit": "8c9bc5d3fc96705057737cb9743d555417f6e551"
      },
      "coffee-alerts": {
        "git": "https://github.com/pfafman/meteor-coffee-alerts.git",
        "tag": "v0.1.1",
        "commit": "20297df872419e42284cdfcbd6ca070c03d60077"
      },
      "collection2": {
        "git": "https://github.com/aldeed/meteor-collection2.git",
        "tag": "v0.3.11",
        "commit": "7e970671305657678e8508d8107d5e6c5e158559"
      },
      "fastclick": {
        "git": "https://github.com/percolatestudio/meteor-fastclick",
        "tag": "v0.6.7",
        "commit": "fcb3bfd34d9f6874e626b4e24e8f54107938db41"
      },
      "ionicons": {
        "git": "https://github.com/Pagebakers/meteor-ionicons.git",
        "tag": "v1.4.1",
        "commit": "c3c07eba87d42ef900c9c61323ce4499bdce3204"
      },
      "font-awesome": {
        "git": "https://github.com/nate-strauser/meteor-font-awesome.git",
        "tag": "v4.0.3",
        "commit": "61e9361384347547ae144f8228faa4deffda23db"
      },
      "iron-router-progress": {
        "git": "https://github.com/Multiply/iron-router-progress.git",
        "tag": "v0.3.1",
        "commit": "3f7900feb4bb70a1289b39a1fdcd1f438c0335b3"
      },
      "bootstrap-3-switch-less": {
        "git": "https://github.com/pfafman/meteor-bootstrap-3-switch-less.git",
        "branch": "master",
        "commit": "1c357774e78514cbf160eb88d7aa237b7f52cf2f"
      },
      "photo-uploader": {
        "git": "https://github.com/pfafman/meteor-photo-uploader.git",
        "branch": "master",
        "commit": "b73c0a9f32d33eb373746e603229e730e324c6d3"
      },
      "owl-carousel": {
        "git": "https://github.com/pfafman/meteor-owl-carousel.git",
        "branch": "master",
        "commit": "3f24d79c4b1bed29a9b0094829e0335ae1ee897e"
      },
      "accounts-entry": {
        "git": "https://github.com/pfafman/meteor-accounts-entry.git",
        "branch": "master",
        "commit": "c2969e2f7ec02a970765ed2fec5c859043c7f1e5"
      },
      "bootstrap3-less": {
        "git": "https://github.com/eprochasson/bootstrap3-less",
        "tag": "v0.1.9",
        "commit": "5c812c4d7ce72917a065f0424c3cf54e5ff2d16a"
      },
      "blaze-layout": {
        "git": "https://github.com/EventedMind/blaze-layout.git",
        "tag": "v0.2.4",
        "commit": "b40e9b0612329288d75cf52ad14a7da64bb8618f"
      },
      "simple-schema": {
        "git": "https://github.com/aldeed/meteor-simple-schema.git",
        "tag": "v0.2.47",
        "commit": "d97bf419498efb560771e94a8a3e2c92db33d06d"
      },
      "just-i18n": {
        "git": "https://github.com/subhog/meteor-just-i18n.git",
        "tag": "v0.2.4",
        "commit": "91decfcf5b3b5e67f202a67658350b862330bf3d"
      },
      "accounts-t9n": {
        "git": "https://github.com/Differential/meteor-accounts-t9n.git",
        "branch": "fix-just-i18n",
        "commit": "0e3f96d189b8cac3813b1f5a20a59115881f628d"
      }
    }
  }
}
