{
  "meteor": {},
  "dependencies": {
    "basePackages": {
      "bootstrap-less-3": {
        "git": "https://github.com/pfafman/meteor-bootstrap-less.git",
        "branch": "master"
      },
      "spin": {},
      "paginated-subscription": {},
      "iron-router": {},
      "moment": {},
      "coffee-alerts": {},
      "collection2": {},
      "fastclick": {},
      "ionicons": {},
      "font-awesome": {},
      "bootstrap-3-switch-less": {
        "git": "https://github.com/pfafman/meteor-bootstrap-3-switch-less.git",
        "branch": "master"
      },
      "photo-uploader": {
        "git": "https://github.com/pfafman/meteor-photo-uploader.git",
        "branch": "master"
      },
      "owl-carousel": {
        "git": "https://github.com/pfafman/meteor-owl-carousel.git",
        "branch": "master"
      },
      "iron-router-progress": {}
    },
    "packages": {
      "bootstrap-less-3": {
        "git": "https://github.com/pfafman/meteor-bootstrap-less.git",
        "branch": "master",
        "commit": "669752f8be8d834cbe9b842c0eebd3b62c26d295"
      },
      "spin": {
        "git": "https://github.com/SachaG/meteor-spin.git",
        "tag": "v0.2.2",
        "commit": "3f655f0016228e4195acc784c45d3e3a247dc39f"
      },
      "paginated-subscription": {
        "git": "https://github.com/tmeasday/meteor-paginated-subscription.git",
        "tag": "v0.1.2",
        "commit": "35e0c6112df2b4cfeb60b559276a93cac5ee2dd6"
      },
      "iron-router": {
        "git": "https://github.com/EventedMind/iron-router.git",
        "tag": "v0.6.2",
        "commit": "ce56e58b45624dce992490f3a1c10f10d3948bae"
      },
      "moment": {
        "git": "https://github.com/acreeger/meteor-moment.git",
        "tag": "v2.2.1",
        "commit": "9ee12e714afe56b189f53076447b7b54f3012065"
      },
      "coffee-alerts": {
        "git": "https://github.com/pfafman/meteor-coffee-alerts.git",
        "tag": "v0.1.1",
        "commit": "20297df872419e42284cdfcbd6ca070c03d60077"
      },
      "collection2": {
        "git": "https://github.com/aldeed/meteor-collection2.git",
        "tag": "v0.3.3",
        "commit": "d5c99b1c0fe30778e683175ecb0dd36529e6271e"
      },
      "fastclick": {
        "git": "https://github.com/percolatestudio/meteor-fastclick",
        "tag": "v0.6.7",
        "commit": "fcb3bfd34d9f6874e626b4e24e8f54107938db41"
      },
      "ionicons": {
        "git": "https://github.com/Pagebakers/meteor-ionicons.git",
        "tag": "v1.3.3",
        "commit": "782f9b99b098bfd1f82f36f9142e70cbbcc7e7e3"
      },
      "font-awesome": {
        "git": "https://github.com/nate-strauser/meteor-font-awesome.git",
        "tag": "v4.0.3",
        "commit": "61e9361384347547ae144f8228faa4deffda23db"
      },
      "bootstrap-3-switch-less": {
        "git": "https://github.com/pfafman/meteor-bootstrap-3-switch-less.git",
        "branch": "master",
        "commit": "86dad236e495b37e1b80c2df98e7da1e3e004ba2"
      },
      "photo-uploader": {
        "git": "https://github.com/pfafman/meteor-photo-uploader.git",
        "branch": "master",
        "commit": "c5015ea038ff718357196406224b20e8098f6ae3"
      },
      "owl-carousel": {
        "git": "https://github.com/pfafman/meteor-owl-carousel.git",
        "branch": "master",
        "commit": "3f24d79c4b1bed29a9b0094829e0335ae1ee897e"
      },
      "iron-router-progress": {
        "git": "https://github.com/Multiply/iron-router-progress.git",
        "tag": "v0.2.0",
        "commit": "ce730d1d26feadb7c75ea25f22c5bfdb0c549a8b"
      },
      "simple-schema": {
        "git": "https://github.com/aldeed/meteor-simple-schema.git",
        "tag": "v0.2.28",
        "commit": "29f3a54be67e9b988ad59994ffa152d9559e4695"
      }
    }
  }
}
